
Microsoft Visual Studio Solution File, Format Version 12.00
# Visual Studio Express 14 for Web
VisualStudioVersion = 14.0.25420.1
MinimumVisualStudioVersion = 10.0.40219.1
Project("{FAE04EC0-301F-11D3-BF4B-00C04F79EFBC}") = "IPortfolio.Web", "IPortfolio.Web\IPortfolio.Web.csproj", "{F8257F3C-C9F0-43F5-A10E-E6374DDB3AC0}"
EndProject
Project("{FAE04EC0-301F-11D3-BF4B-00C04F79EFBC}") = "IPortfolio.Model", "IPortfolio.Model\IPortfolio.Model.csproj", "{3939A9C6-B814-42E6-9981-FE78926C7504}"
EndProject
Project("{FAE04EC0-301F-11D3-BF4B-00C04F79EFBC}") = "IPortfolio.DAL", "IPortfolio.DAL\IPortfolio.DAL.csproj", "{2A75F868-5A1D-4663-A59D-ACA5308357E7}"
EndProject
Project("{FAE04EC0-301F-11D3-BF4B-00C04F79EFBC}") = "IPortfolio.BLL", "IPortfolio.BLL\IPortfolio.BLL.csproj", "{CFF203A9-1788-41EB-8CDF-6EFB08E358F7}"
EndProject
Global
	GlobalSection(SolutionConfigurationPlatforms) = preSolution
		Debug|Any CPU = Debug|Any CPU
		Release|Any CPU = Release|Any CPU
	EndGlobalSection
	GlobalSection(ProjectConfigurationPlatforms) = postSolution
		{F8257F3C-C9F0-43F5-A10E-E6374DDB3AC0}.Debug|Any CPU.ActiveCfg = Debug|Any CPU
		{F8257F3C-C9F0-43F5-A10E-E6374DDB3AC0}.Debug|Any CPU.Build.0 = Debug|Any CPU
		{F8257F3C-C9F0-43F5-A10E-E6374DDB3AC0}.Release|Any CPU.ActiveCfg = Release|Any CPU
		{F8257F3C-C9F0-43F5-A10E-E6374DDB3AC0}.Release|Any CPU.Build.0 = Release|Any CPU
		{3939A9C6-B814-42E6-9981-FE78926C7504}.Debug|Any CPU.ActiveCfg = Debug|Any CPU
		{3939A9C6-B814-42E6-9981-FE78926C7504}.Debug|Any CPU.Build.0 = Debug|Any CPU
		{3939A9C6-B814-42E6-9981-FE78926C7504}.Release|Any CPU.ActiveCfg = Release|Any CPU
		{3939A9C6-B814-42E6-9981-FE78926C7504}.Release|Any CPU.Build.0 = Release|Any CPU
		{2A75F868-5A1D-4663-A59D-ACA5308357E7}.Debug|Any CPU.ActiveCfg = Debug|Any CPU
		{2A75F868-5A1D-4663-A59D-ACA5308357E7}.Debug|Any CPU.Build.0 = Debug|Any CPU
		{2A75F868-5A1D-4663-A59D-ACA5308357E7}.Release|Any CPU.ActiveCfg = Release|Any CPU
		{2A75F868-5A1D-4663-A59D-ACA5308357E7}.Release|Any CPU.Build.0 = Release|Any CPU
		{CFF203A9-1788-41EB-8CDF-6EFB08E358F7}.Debug|Any CPU.ActiveCfg = Debug|Any CPU
		{CFF203A9-1788-41EB-8CDF-6EFB08E358F7}.Debug|Any CPU.Build.0 = Debug|Any CPU
		{CFF203A9-1788-41EB-8CDF-6EFB08E358F7}.Release|Any CPU.ActiveCfg = Release|Any CPU
		{CFF203A9-1788-41EB-8CDF-6EFB08E358F7}.Release|Any CPU.Build.0 = Release|Any CPU
	EndGlobalSection
	GlobalSection(SolutionProperties) = preSolution
		HideSolutionNode = FALSE
	EndGlobalSection
EndGlobal
